
Microsoft Visual Studio Solution File, Format Version 12.00
# Visual Studio Version 16
VisualStudioVersion = 16.0.31205.134
MinimumVisualStudioVersion = 10.0.40219.1
Project("{FAE04EC0-301F-11D3-BF4B-00C04F79EFBC}") = "PrimeFactors", "PrimeFactors\PrimeFactors.csproj", "{05FFB1FE-EAC6-4F74-80F6-BE750E86728D}"
EndProject
Project("{FAE04EC0-301F-11D3-BF4B-00C04F79EFBC}") = "TestPrimeFactors", "TestPrimeFactors\TestPrimeFactors.csproj", "{27736D53-289E-4D63-A604-F59920CC83B8}"
EndProject
Global
	GlobalSection(SolutionConfigurationPlatforms) = preSolution
		Debug|Any CPU = Debug|Any CPU
		Release|Any CPU = Release|Any CPU
	EndGlobalSection
	GlobalSection(ProjectConfigurationPlatforms) = postSolution
		{05FFB1FE-EAC6-4F74-80F6-BE750E86728D}.Debug|Any CPU.ActiveCfg = Debug|Any CPU
		{05FFB1FE-EAC6-4F74-80F6-BE750E86728D}.Debug|Any CPU.Build.0 = Debug|Any CPU
		{05FFB1FE-EAC6-4F74-80F6-BE750E86728D}.Release|Any CPU.ActiveCfg = Release|Any CPU
		{05FFB1FE-EAC6-4F74-80F6-BE750E86728D}.Release|Any CPU.Build.0 = Release|Any CPU
		{27736D53-289E-4D63-A604-F59920CC83B8}.Debug|Any CPU.ActiveCfg = Debug|Any CPU
		{27736D53-289E-4D63-A604-F59920CC83B8}.Debug|Any CPU.Build.0 = Debug|Any CPU
		{27736D53-289E-4D63-A604-F59920CC83B8}.Release|Any CPU.ActiveCfg = Release|Any CPU
		{27736D53-289E-4D63-A604-F59920CC83B8}.Release|Any CPU.Build.0 = Release|Any CPU
	EndGlobalSection
	GlobalSection(SolutionProperties) = preSolution
		HideSolutionNode = FALSE
	EndGlobalSection
	GlobalSection(ExtensibilityGlobals) = postSolution
		SolutionGuid = {F68E45F8-CD80-48D7-A448-3E735CCDF5E6}
	EndGlobalSection
EndGlobal
